
Microsoft Visual Studio Solution File, Format Version 12.00
# Visual Studio Version 16
VisualStudioVersion = 16.0.30907.101
MinimumVisualStudioVersion = 10.0.40219.1
Project("{FAE04EC0-301F-11D3-BF4B-00C04F79EFBC}") = "1111", "1111\1111.csproj", "{D6F3672B-F3E8-40E2-8577-03464946F8A6}"
EndProject
Global
	GlobalSection(SolutionConfigurationPlatforms) = preSolution
		Debug|Any CPU = Debug|Any CPU
		Release|Any CPU = Release|Any CPU
	EndGlobalSection
	GlobalSection(ProjectConfigurationPlatforms) = postSolution
		{D6F3672B-F3E8-40E2-8577-03464946F8A6}.Debug|Any CPU.ActiveCfg = Debug|Any CPU
		{D6F3672B-F3E8-40E2-8577-03464946F8A6}.Debug|Any CPU.Build.0 = Debug|Any CPU
		{D6F3672B-F3E8-40E2-8577-03464946F8A6}.Release|Any CPU.ActiveCfg = Release|Any CPU
		{D6F3672B-F3E8-40E2-8577-03464946F8A6}.Release|Any CPU.Build.0 = Release|Any CPU
	EndGlobalSection
	GlobalSection(SolutionProperties) = preSolution
		HideSolutionNode = FALSE
	EndGlobalSection
	GlobalSection(ExtensibilityGlobals) = postSolution
		SolutionGuid = {D374E56F-8C8E-4491-A9B3-33B011BCA287}
	EndGlobalSection
EndGlobal
